// !$*UTF8*$!
{
	archiveVersion = 1;
	classes = {
	};
	objectVersion = 56;
	objects = {

/* Begin PBXBuildFile section */
		1DACDA55EFD19FDFC03F76E5 /* Pods_HelloTravel.framework in Frameworks */ = {isa = PBXBuildFile; fileRef = 599C18BAE141390F80B95B07 /* Pods_HelloTravel.framework */; };
		295026EFAEA1F1E46B3C2D0B /* Pods_HelloTravelTests.framework in Frameworks */ = {isa = PBXBuildFile; fileRef = D8C334B444D78BA5B13A0755 /* Pods_HelloTravelTests.framework */; };
		6E216EF729C017FD00BE1BB1 /* AppDelegate.swift in Sources */ = {isa = PBXBuildFile; fileRef = 6E216EF629C017FD00BE1BB1 /* AppDelegate.swift */; };
		6E216EF929C017FD00BE1BB1 /* SceneDelegate.swift in Sources */ = {isa = PBXBuildFile; fileRef = 6E216EF829C017FD00BE1BB1 /* SceneDelegate.swift */; };
		6E216EFB29C017FD00BE1BB1 /* ViewController.swift in Sources */ = {isa = PBXBuildFile; fileRef = 6E216EFA29C017FD00BE1BB1 /* ViewController.swift */; };
		6E216EFE29C017FD00BE1BB1 /* Main.storyboard in Resources */ = {isa = PBXBuildFile; fileRef = 6E216EFC29C017FD00BE1BB1 /* Main.storyboard */; };
		6E216F0029C0180000BE1BB1 /* Assets.xcassets in Resources */ = {isa = PBXBuildFile; fileRef = 6E216EFF29C0180000BE1BB1 /* Assets.xcassets */; };
		6E216F0329C0180000BE1BB1 /* LaunchScreen.storyboard in Resources */ = {isa = PBXBuildFile; fileRef = 6E216F0129C0180000BE1BB1 /* LaunchScreen.storyboard */; };
		6E216F0E29C0180000BE1BB1 /* HelloTravelTests.swift in Sources */ = {isa = PBXBuildFile; fileRef = 6E216F0D29C0180000BE1BB1 /* HelloTravelTests.swift */; };
		6E216F2729C01BA500BE1BB1 /* GoogleService-Info.plist in Resources */ = {isa = PBXBuildFile; fileRef = 6E216F2629C01BA500BE1BB1 /* GoogleService-Info.plist */; };
/* End PBXBuildFile section */

/* Begin PBXContainerItemProxy section */
		6E216F0A29C0180000BE1BB1 /* PBXContainerItemProxy */ = {
			isa = PBXContainerItemProxy;
			containerPortal = 6E216EEB29C017FD00BE1BB1 /* Project object */;
			proxyType = 1;
			remoteGlobalIDString = 6E216EF229C017FD00BE1BB1;
			remoteInfo = HelloTravel;
		};
/* End PBXContainerItemProxy section */

/* Begin PBXFileReference section */
		1616DA02C14855527A54C15A /* Pods-HelloTravelTests.debug.xcconfig */ = {isa = PBXFileReference; includeInIndex = 1; lastKnownFileType = text.xcconfig; name = "Pods-HelloTravelTests.debug.xcconfig"; path = "Target Support Files/Pods-HelloTravelTests/Pods-HelloTravelTests.debug.xcconfig"; sourceTree = "<group>"; };
		599C18BAE141390F80B95B07 /* Pods_HelloTravel.framework */ = {isa = PBXFileReference; explicitFileType = wrapper.framework; includeInIndex = 0; path = Pods_HelloTravel.framework; sourceTree = BUILT_PRODUCTS_DIR; };
		6DD33825AD2BE8B3E603DF1F /* Pods-HelloTravelTests.release.xcconfig */ = {isa = PBXFileReference; includeInIndex = 1; lastKnownFileType = text.xcconfig; name = "Pods-HelloTravelTests.release.xcconfig"; path = "Target Support Files/Pods-HelloTravelTests/Pods-HelloTravelTests.release.xcconfig"; sourceTree = "<group>"; };
		6E216EF329C017FD00BE1BB1 /* HelloTravel.app */ = {isa = PBXFileReference; explicitFileType = wrapper.application; includeInIndex = 0; path = HelloTravel.app; sourceTree = BUILT_PRODUCTS_DIR; };
		6E216EF629C017FD00BE1BB1 /* AppDelegate.swift */ = {isa = PBXFileReference; lastKnownFileType = sourcecode.swift; path = AppDelegate.swift; sourceTree = "<group>"; };
		6E216EF829C017FD00BE1BB1 /* SceneDelegate.swift */ = {isa = PBXFileReference; lastKnownFileType = sourcecode.swift; path = SceneDelegate.swift; sourceTree = "<group>"; };
		6E216EFA29C017FD00BE1BB1 /* ViewController.swift */ = {isa = PBXFileReference; lastKnownFileType = sourcecode.swift; path = ViewController.swift; sourceTree = "<group>"; };
		6E216EFD29C017FD00BE1BB1 /* Base */ = {isa = PBXFileReference; lastKnownFileType = file.storyboard; name = Base; path = Base.lproj/Main.storyboard; sourceTree = "<group>"; };
		6E216EFF29C0180000BE1BB1 /* Assets.xcassets */ = {isa = PBXFileReference; lastKnownFileType = folder.assetcatalog; path = Assets.xcassets; sourceTree = "<group>"; };
		6E216F0229C0180000BE1BB1 /* Base */ = {isa = PBXFileReference; lastKnownFileType = file.storyboard; name = Base; path = Base.lproj/LaunchScreen.storyboard; sourceTree = "<group>"; };
		6E216F0429C0180000BE1BB1 /* Info.plist */ = {isa = PBXFileReference; lastKnownFileType = text.plist.xml; path = Info.plist; sourceTree = "<group>"; };
		6E216F0929C0180000BE1BB1 /* HelloTravelTests.xctest */ = {isa = PBXFileReference; explicitFileType = wrapper.cfbundle; includeInIndex = 0; path = HelloTravelTests.xctest; sourceTree = BUILT_PRODUCTS_DIR; };
		6E216F0D29C0180000BE1BB1 /* HelloTravelTests.swift */ = {isa = PBXFileReference; lastKnownFileType = sourcecode.swift; path = HelloTravelTests.swift; sourceTree = "<group>"; };
		6E216F2629C01BA500BE1BB1 /* GoogleService-Info.plist */ = {isa = PBXFileReference; fileEncoding = 4; lastKnownFileType = text.plist.xml; path = "GoogleService-Info.plist"; sourceTree = "<group>"; };
		9BCF00734D1A76B4375EB4EF /* Pods-HelloTravel.release.xcconfig */ = {isa = PBXFileReference; includeInIndex = 1; lastKnownFileType = text.xcconfig; name = "Pods-HelloTravel.release.xcconfig"; path = "Target Support Files/Pods-HelloTravel/Pods-HelloTravel.release.xcconfig"; sourceTree = "<group>"; };
		D8C334B444D78BA5B13A0755 /* Pods_HelloTravelTests.framework */ = {isa = PBXFileReference; explicitFileType = wrapper.framework; includeInIndex = 0; path = Pods_HelloTravelTests.framework; sourceTree = BUILT_PRODUCTS_DIR; };
		DA6DE97EDBC1D4160FA79B3D /* Pods-HelloTravel.debug.xcconfig */ = {isa = PBXFileReference; includeInIndex = 1; lastKnownFileType = text.xcconfig; name = "Pods-HelloTravel.debug.xcconfig"; path = "Target Support Files/Pods-HelloTravel/Pods-HelloTravel.debug.xcconfig"; sourceTree = "<group>"; };
/* End PBXFileReference section */

/* Begin PBXFrameworksBuildPhase section */
		6E216EF029C017FD00BE1BB1 /* Frameworks */ = {
			isa = PBXFrameworksBuildPhase;
			buildActionMask = 2147483647;
			files = (
				1DACDA55EFD19FDFC03F76E5 /* Pods_HelloTravel.framework in Frameworks */,
			);
			runOnlyForDeploymentPostprocessing = 0;
		};
		6E216F0629C0180000BE1BB1 /* Frameworks */ = {
			isa = PBXFrameworksBuildPhase;
			buildActionMask = 2147483647;
			files = (
				295026EFAEA1F1E46B3C2D0B /* Pods_HelloTravelTests.framework in Frameworks */,
			);
			runOnlyForDeploymentPostprocessing = 0;
		};
/* End PBXFrameworksBuildPhase section */

/* Begin PBXGroup section */
		1C07AD2A4CDF5F515F51C746 /* Pods */ = {
			isa = PBXGroup;
			children = (
				DA6DE97EDBC1D4160FA79B3D /* Pods-HelloTravel.debug.xcconfig */,
				9BCF00734D1A76B4375EB4EF /* Pods-HelloTravel.release.xcconfig */,
				1616DA02C14855527A54C15A /* Pods-HelloTravelTests.debug.xcconfig */,
				6DD33825AD2BE8B3E603DF1F /* Pods-HelloTravelTests.release.xcconfig */,
			);
			name = Pods;
			path = Pods;
			sourceTree = "<group>";
		};
		6E216EEA29C017FD00BE1BB1 = {
			isa = PBXGroup;
			children = (
				6E216EF529C017FD00BE1BB1 /* HelloTravel */,
				6E216F0C29C0180000BE1BB1 /* HelloTravelTests */,
				6E216EF429C017FD00BE1BB1 /* Products */,
				1C07AD2A4CDF5F515F51C746 /* Pods */,
				B0FCC204A5B80717E427734A /* Frameworks */,
			);
			sourceTree = "<group>";
		};
		6E216EF429C017FD00BE1BB1 /* Products */ = {
			isa = PBXGroup;
			children = (
				6E216EF329C017FD00BE1BB1 /* HelloTravel.app */,
				6E216F0929C0180000BE1BB1 /* HelloTravelTests.xctest */,
			);
			name = Products;
			sourceTree = "<group>";
		};
		6E216EF529C017FD00BE1BB1 /* HelloTravel */ = {
			isa = PBXGroup;
			children = (
				6E216EF629C017FD00BE1BB1 /* AppDelegate.swift */,
				6E216EF829C017FD00BE1BB1 /* SceneDelegate.swift */,
				6E216EFA29C017FD00BE1BB1 /* ViewController.swift */,
				6E216EFC29C017FD00BE1BB1 /* Main.storyboard */,
				6E216EFF29C0180000BE1BB1 /* Assets.xcassets */,
				6E216F0129C0180000BE1BB1 /* LaunchScreen.storyboard */,
				6E216F0429C0180000BE1BB1 /* Info.plist */,
				6E216F2629C01BA500BE1BB1 /* GoogleService-Info.plist */,
			);
			path = HelloTravel;
			sourceTree = "<group>";
		};
		6E216F0C29C0180000BE1BB1 /* HelloTravelTests */ = {
			isa = PBXGroup;
			children = (
				6E216F0D29C0180000BE1BB1 /* HelloTravelTests.swift */,
			);
			path = HelloTravelTests;
			sourceTree = "<group>";
		};
		B0FCC204A5B80717E427734A /* Frameworks */ = {
			isa = PBXGroup;
			children = (
				599C18BAE141390F80B95B07 /* Pods_HelloTravel.framework */,
				D8C334B444D78BA5B13A0755 /* Pods_HelloTravelTests.framework */,
			);
			name = Frameworks;
			sourceTree = "<group>";
		};
/* End PBXGroup section */

/* Begin PBXNativeTarget section */
		6E216EF229C017FD00BE1BB1 /* HelloTravel */ = {
			isa = PBXNativeTarget;
			buildConfigurationList = 6E216F1D29C0180000BE1BB1 /* Build configuration list for PBXNativeTarget "HelloTravel" */;
			buildPhases = (
				A9FB3799B452F19DA00E7487 /* [CP] Check Pods Manifest.lock */,
				6E216EEF29C017FD00BE1BB1 /* Sources */,
				6E216EF029C017FD00BE1BB1 /* Frameworks */,
				6E216EF129C017FD00BE1BB1 /* Resources */,
				B1F07C457C670709E865BC3B /* [CP] Embed Pods Frameworks */,
				1D6F09414E93749BDFEA14FA /* [CP] Copy Pods Resources */,
			);
			buildRules = (
			);
			dependencies = (
			);
			name = HelloTravel;
			productName = HelloTravel;
			productReference = 6E216EF329C017FD00BE1BB1 /* HelloTravel.app */;
			productType = "com.apple.product-type.application";
		};
		6E216F0829C0180000BE1BB1 /* HelloTravelTests */ = {
			isa = PBXNativeTarget;
			buildConfigurationList = 6E216F2029C0180000BE1BB1 /* Build configuration list for PBXNativeTarget "HelloTravelTests" */;
			buildPhases = (
				D28FEAE7D3F5C26232B92DA3 /* [CP] Check Pods Manifest.lock */,
				6E216F0529C0180000BE1BB1 /* Sources */,
				6E216F0629C0180000BE1BB1 /* Frameworks */,
				6E216F0729C0180000BE1BB1 /* Resources */,
			);
			buildRules = (
			);
			dependencies = (
				6E216F0B29C0180000BE1BB1 /* PBXTargetDependency */,
			);
			name = HelloTravelTests;
			productName = HelloTravelTests;
			productReference = 6E216F0929C0180000BE1BB1 /* HelloTravelTests.xctest */;
			productType = "com.apple.product-type.bundle.unit-test";
		};
/* End PBXNativeTarget section */

/* Begin PBXProject section */
		6E216EEB29C017FD00BE1BB1 /* Project object */ = {
			isa = PBXProject;
			attributes = {
				BuildIndependentTargetsInParallel = 1;
				LastSwiftUpdateCheck = 1420;
				LastUpgradeCheck = 1420;
				TargetAttributes = {
					6E216EF229C017FD00BE1BB1 = {
						CreatedOnToolsVersion = 14.2;
					};
					6E216F0829C0180000BE1BB1 = {
						CreatedOnToolsVersion = 14.2;
						TestTargetID = 6E216EF229C017FD00BE1BB1;
					};
				};
			};
			buildConfigurationList = 6E216EEE29C017FD00BE1BB1 /* Build configuration list for PBXProject "HelloTravel" */;
			compatibilityVersion = "Xcode 14.0";
			developmentRegion = en;
			hasScannedForEncodings = 0;
			knownRegions = (
				en,
				Base,
			);
			mainGroup = 6E216EEA29C017FD00BE1BB1;
			productRefGroup = 6E216EF429C017FD00BE1BB1 /* Products */;
			projectDirPath = "";
			projectRoot = "";
			targets = (
				6E216EF229C017FD00BE1BB1 /* HelloTravel */,
				6E216F0829C0180000BE1BB1 /* HelloTravelTests */,
			);
		};
/* End PBXProject section */

/* Begin PBXResourcesBuildPhase section */
		6E216EF129C017FD00BE1BB1 /* Resources */ = {
			isa = PBXResourcesBuildPhase;
			buildActionMask = 2147483647;
			files = (
				6E216F0329C0180000BE1BB1 /* LaunchScreen.storyboard in Resources */,
				6E216F2729C01BA500BE1BB1 /* GoogleService-Info.plist in Resources */,
				6E216F0029C0180000BE1BB1 /* Assets.xcassets in Resources */,
				6E216EFE29C017FD00BE1BB1 /* Main.storyboard in Resources */,
			);
			runOnlyForDeploymentPostprocessing = 0;
		};
		6E216F0729C0180000BE1BB1 /* Resources */ = {
			isa = PBXResourcesBuildPhase;
			buildActionMask = 2147483647;
			files = (
			);
			runOnlyForDeploymentPostprocessing = 0;
		};
/* End PBXResourcesBuildPhase section */

/* Begin PBXShellScriptBuildPhase section */
		1D6F09414E93749BDFEA14FA /* [CP] Copy Pods Resources */ = {
			isa = PBXShellScriptBuildPhase;
			buildActionMask = 2147483647;
			files = (
			);
			inputFileListPaths = (
				"${PODS_ROOT}/Target Support Files/Pods-HelloTravel/Pods-HelloTravel-resources-${CONFIGURATION}-input-files.xcfilelist",
			);
			name = "[CP] Copy Pods Resources";
			outputFileListPaths = (
				"${PODS_ROOT}/Target Support Files/Pods-HelloTravel/Pods-HelloTravel-resources-${CONFIGURATION}-output-files.xcfilelist",
			);
			runOnlyForDeploymentPostprocessing = 0;
			shellPath = /bin/sh;
			shellScript = "\"${PODS_ROOT}/Target Support Files/Pods-HelloTravel/Pods-HelloTravel-resources.sh\"\n";
			showEnvVarsInLog = 0;
		};
		A9FB3799B452F19DA00E7487 /* [CP] Check Pods Manifest.lock */ = {
			isa = PBXShellScriptBuildPhase;
			buildActionMask = 2147483647;
			files = (
			);
			inputFileListPaths = (
			);
			inputPaths = (
				"${PODS_PODFILE_DIR_PATH}/Podfile.lock",
				"${PODS_ROOT}/Manifest.lock",
			);
			name = "[CP] Check Pods Manifest.lock";
			outputFileListPaths = (
			);
			outputPaths = (
				"$(DERIVED_FILE_DIR)/Pods-HelloTravel-checkManifestLockResult.txt",
			);
			runOnlyForDeploymentPostprocessing = 0;
			shellPath = /bin/sh;
			shellScript = "diff \"${PODS_PODFILE_DIR_PATH}/Podfile.lock\" \"${PODS_ROOT}/Manifest.lock\" > /dev/null\nif [ $? != 0 ] ; then\n    # print error to STDERR\n    echo \"error: The sandbox is not in sync with the Podfile.lock. Run 'pod install' or update your CocoaPods installation.\" >&2\n    exit 1\nfi\n# This output is used by Xcode 'outputs' to avoid re-running this script phase.\necho \"SUCCESS\" > \"${SCRIPT_OUTPUT_FILE_0}\"\n";
			showEnvVarsInLog = 0;
		};
		B1F07C457C670709E865BC3B /* [CP] Embed Pods Frameworks */ = {
			isa = PBXShellScriptBuildPhase;
			buildActionMask = 2147483647;
			files = (
			);
			inputFileListPaths = (
				"${PODS_ROOT}/Target Support Files/Pods-HelloTravel/Pods-HelloTravel-frameworks-${CONFIGURATION}-input-files.xcfilelist",
			);
			name = "[CP] Embed Pods Frameworks";
			outputFileListPaths = (
				"${PODS_ROOT}/Target Support Files/Pods-HelloTravel/Pods-HelloTravel-frameworks-${CONFIGURATION}-output-files.xcfilelist",
			);
			runOnlyForDeploymentPostprocessing = 0;
			shellPath = /bin/sh;
			shellScript = "\"${PODS_ROOT}/Target Support Files/Pods-HelloTravel/Pods-HelloTravel-frameworks.sh\"\n";
			showEnvVarsInLog = 0;
		};
		D28FEAE7D3F5C26232B92DA3 /* [CP] Check Pods Manifest.lock */ = {
			isa = PBXShellScriptBuildPhase;
			buildActionMask = 2147483647;
			files = (
			);
			inputFileListPaths = (
			);
			inputPaths = (
				"${PODS_PODFILE_DIR_PATH}/Podfile.lock",
				"${PODS_ROOT}/Manifest.lock",
			);
			name = "[CP] Check Pods Manifest.lock";
			outputFileListPaths = (
			);
			outputPaths = (
				"$(DERIVED_FILE_DIR)/Pods-HelloTravelTests-checkManifestLockResult.txt",
			);
			runOnlyForDeploymentPostprocessing = 0;
			shellPath = /bin/sh;
			shellScript = "diff \"${PODS_PODFILE_DIR_PATH}/Podfile.lock\" \"${PODS_ROOT}/Manifest.lock\" > /dev/null\nif [ $? != 0 ] ; then\n    # print error to STDERR\n    echo \"error: The sandbox is not in sync with the Podfile.lock. Run 'pod install' or update your CocoaPods installation.\" >&2\n    exit 1\nfi\n# This output is used by Xcode 'outputs' to avoid re-running this script phase.\necho \"SUCCESS\" > \"${SCRIPT_OUTPUT_FILE_0}\"\n";
			showEnvVarsInLog = 0;
		};
/* End PBXShellScriptBuildPhase section */

/* Begin PBXSourcesBuildPhase section */
		6E216EEF29C017FD00BE1BB1 /* Sources */ = {
			isa = PBXSourcesBuildPhase;
			buildActionMask = 2147483647;
			files = (
				6E216EFB29C017FD00BE1BB1 /* ViewController.swift in Sources */,
				6E216EF729C017FD00BE1BB1 /* AppDelegate.swift in Sources */,
				6E216EF929C017FD00BE1BB1 /* SceneDelegate.swift in Sources */,
			);
			runOnlyForDeploymentPostprocessing = 0;
		};
		6E216F0529C0180000BE1BB1 /* Sources */ = {
			isa = PBXSourcesBuildPhase;
			buildActionMask = 2147483647;
			files = (
				6E216F0E29C0180000BE1BB1 /* HelloTravelTests.swift in Sources */,
			);
			runOnlyForDeploymentPostprocessing = 0;
		};
/* End PBXSourcesBuildPhase section */

/* Begin PBXTargetDependency section */
		6E216F0B29C0180000BE1BB1 /* PBXTargetDependency */ = {
			isa = PBXTargetDependency;
			target = 6E216EF229C017FD00BE1BB1 /* HelloTravel */;
			targetProxy = 6E216F0A29C0180000BE1BB1 /* PBXContainerItemProxy */;
		};
/* End PBXTargetDependency section */

/* Begin PBXVariantGroup section */
		6E216EFC29C017FD00BE1BB1 /* Main.storyboard */ = {
			isa = PBXVariantGroup;
			children = (
				6E216EFD29C017FD00BE1BB1 /* Base */,
			);
			name = Main.storyboard;
			sourceTree = "<group>";
		};
		6E216F0129C0180000BE1BB1 /* LaunchScreen.storyboard */ = {
			isa = PBXVariantGroup;
			children = (
				6E216F0229C0180000BE1BB1 /* Base */,
			);
			name = LaunchScreen.storyboard;
			sourceTree = "<group>";
		};
/* End PBXVariantGroup section */

/* Begin XCBuildConfiguration section */
		6E216F1B29C0180000BE1BB1 /* Debug */ = {
			isa = XCBuildConfiguration;
			buildSettings = {
				ALWAYS_SEARCH_USER_PATHS = NO;
				CLANG_ANALYZER_NONNULL = YES;
				CLANG_ANALYZER_NUMBER_OBJECT_CONVERSION = YES_AGGRESSIVE;
				CLANG_CXX_LANGUAGE_STANDARD = "gnu++20";
				CLANG_ENABLE_MODULES = YES;
				CLANG_ENABLE_OBJC_ARC = YES;
				CLANG_ENABLE_OBJC_WEAK = YES;
				CLANG_WARN_BLOCK_CAPTURE_AUTORELEASING = YES;
				CLANG_WARN_BOOL_CONVERSION = YES;
				CLANG_WARN_COMMA = YES;
				CLANG_WARN_CONSTANT_CONVERSION = YES;
				CLANG_WARN_DEPRECATED_OBJC_IMPLEMENTATIONS = YES;
				CLANG_WARN_DIRECT_OBJC_ISA_USAGE = YES_ERROR;
				CLANG_WARN_DOCUMENTATION_COMMENTS = YES;
				CLANG_WARN_EMPTY_BODY = YES;
				CLANG_WARN_ENUM_CONVERSION = YES;
				CLANG_WARN_INFINITE_RECURSION = YES;
				CLANG_WARN_INT_CONVERSION = YES;
				CLANG_WARN_NON_LITERAL_NULL_CONVERSION = YES;
				CLANG_WARN_OBJC_IMPLICIT_RETAIN_SELF = YES;
				CLANG_WARN_OBJC_LITERAL_CONVERSION = YES;
				CLANG_WARN_OBJC_ROOT_CLASS = YES_ERROR;
				CLANG_WARN_QUOTED_INCLUDE_IN_FRAMEWORK_HEADER = YES;
				CLANG_WARN_RANGE_LOOP_ANALYSIS = YES;
				CLANG_WARN_STRICT_PROTOTYPES = YES;
				CLANG_WARN_SUSPICIOUS_MOVE = YES;
				CLANG_WARN_UNGUARDED_AVAILABILITY = YES_AGGRESSIVE;
				CLANG_WARN_UNREACHABLE_CODE = YES;
				CLANG_WARN__DUPLICATE_METHOD_MATCH = YES;
				COPY_PHASE_STRIP = NO;
				DEBUG_INFORMATION_FORMAT = dwarf;
				ENABLE_STRICT_OBJC_MSGSEND = YES;
				ENABLE_TESTABILITY = YES;
				GCC_C_LANGUAGE_STANDARD = gnu11;
				GCC_DYNAMIC_NO_PIC = NO;
				GCC_NO_COMMON_BLOCKS = YES;
				GCC_OPTIMIZATION_LEVEL = 0;
				GCC_PREPROCESSOR_DEFINITIONS = (
					"DEBUG=1",
					"$(inherited)",
				);
				GCC_WARN_64_TO_32_BIT_CONVERSION = YES;
				GCC_WARN_ABOUT_RETURN_TYPE = YES_ERROR;
				GCC_WARN_UNDECLARED_SELECTOR = YES;
				GCC_WARN_UNINITIALIZED_AUTOS = YES_AGGRESSIVE;
				GCC_WARN_UNUSED_FUNCTION = YES;
				GCC_WARN_UNUSED_VARIABLE = YES;
				IPHONEOS_DEPLOYMENT_TARGET = 14.0;
				MTL_ENABLE_DEBUG_INFO = INCLUDE_SOURCE;
				MTL_FAST_MATH = YES;
				ONLY_ACTIVE_ARCH = YES;
				SDKROOT = iphoneos;
				SWIFT_ACTIVE_COMPILATION_CONDITIONS = DEBUG;
				SWIFT_OPTIMIZATION_LEVEL = "-Onone";
			};
			name = Debug;
		};
		6E216F1C29C0180000BE1BB1 /* Release */ = {
			isa = XCBuildConfiguration;
			buildSettings = {
				ALWAYS_SEARCH_USER_PATHS = NO;
				CLANG_ANALYZER_NONNULL = YES;
				CLANG_ANALYZER_NUMBER_OBJECT_CONVERSION = YES_AGGRESSIVE;
				CLANG_CXX_LANGUAGE_STANDARD = "gnu++20";
				CLANG_ENABLE_MODULES = YES;
				CLANG_ENABLE_OBJC_ARC = YES;
				CLANG_ENABLE_OBJC_WEAK = YES;
				CLANG_WARN_BLOCK_CAPTURE_AUTORELEASING = YES;
				CLANG_WARN_BOOL_CONVERSION = YES;
				CLANG_WARN_COMMA = YES;
				CLANG_WARN_CONSTANT_CONVERSION = YES;
				CLANG_WARN_DEPRECATED_OBJC_IMPLEMENTATIONS = YES;
				CLANG_WARN_DIRECT_OBJC_ISA_USAGE = YES_ERROR;
				CLANG_WARN_DOCUMENTATION_COMMENTS = YES;
				CLANG_WARN_EMPTY_BODY = YES;
				CLANG_WARN_ENUM_CONVERSION = YES;
				CLANG_WARN_INFINITE_RECURSION = YES;
				CLANG_WARN_INT_CONVERSION = YES;
				CLANG_WARN_NON_LITERAL_NULL_CONVERSION = YES;
				CLANG_WARN_OBJC_IMPLICIT_RETAIN_SELF = YES;
				CLANG_WARN_OBJC_LITERAL_CONVERSION = YES;
				CLANG_WARN_OBJC_ROOT_CLASS = YES_ERROR;
				CLANG_WARN_QUOTED_INCLUDE_IN_FRAMEWORK_HEADER = YES;
				CLANG_WARN_RANGE_LOOP_ANALYSIS = YES;
				CLANG_WARN_STRICT_PROTOTYPES = YES;
				CLANG_WARN_SUSPICIOUS_MOVE = YES;
				CLANG_WARN_UNGUARDED_AVAILABILITY = YES_AGGRESSIVE;
				CLANG_WARN_UNREACHABLE_CODE = YES;
				CLANG_WARN__DUPLICATE_METHOD_MATCH = YES;
				COPY_PHASE_STRIP = NO;
				DEBUG_INFORMATION_FORMAT = "dwarf-with-dsym";
				ENABLE_NS_ASSERTIONS = NO;
				ENABLE_STRICT_OBJC_MSGSEND = YES;
				GCC_C_LANGUAGE_STANDARD = gnu11;
				GCC_NO_COMMON_BLOCKS = YES;
				GCC_WARN_64_TO_32_BIT_CONVERSION = YES;
				GCC_WARN_ABOUT_RETURN_TYPE = YES_ERROR;
				GCC_WARN_UNDECLARED_SELECTOR = YES;
				GCC_WARN_UNINITIALIZED_AUTOS = YES_AGGRESSIVE;
				GCC_WARN_UNUSED_FUNCTION = YES;
				GCC_WARN_UNUSED_VARIABLE = YES;
				IPHONEOS_DEPLOYMENT_TARGET = 14.0;
				MTL_ENABLE_DEBUG_INFO = NO;
				MTL_FAST_MATH = YES;
				SDKROOT = iphoneos;
				SWIFT_COMPILATION_MODE = wholemodule;
				SWIFT_OPTIMIZATION_LEVEL = "-O";
				VALIDATE_PRODUCT = YES;
			};
			name = Release;
		};
		6E216F1E29C0180000BE1BB1 /* Debug */ = {
			isa = XCBuildConfiguration;
			baseConfigurationReference = DA6DE97EDBC1D4160FA79B3D /* Pods-HelloTravel.debug.xcconfig */;
			buildSettings = {
				ASSETCATALOG_COMPILER_APPICON_NAME = AppIcon;
				ASSETCATALOG_COMPILER_GLOBAL_ACCENT_COLOR_NAME = AccentColor;
				CODE_SIGN_STYLE = Automatic;
				CURRENT_PROJECT_VERSION = 1;
				DEVELOPMENT_TEAM = X23B858772;
				GENERATE_INFOPLIST_FILE = YES;
				INFOPLIST_FILE = HelloTravel/Info.plist;
				INFOPLIST_KEY_UIApplicationSupportsIndirectInputEvents = YES;
				INFOPLIST_KEY_UILaunchStoryboardName = LaunchScreen;
				INFOPLIST_KEY_UIMainStoryboardFile = Main;
				INFOPLIST_KEY_UISupportedInterfaceOrientations_iPad = "UIInterfaceOrientationPortrait UIInterfaceOrientationPortraitUpsideDown UIInterfaceOrientationLandscapeLeft UIInterfaceOrientationLandscapeRight";
				INFOPLIST_KEY_UISupportedInterfaceOrientations_iPhone = "UIInterfaceOrientationPortrait UIInterfaceOrientationLandscapeLeft UIInterfaceOrientationLandscapeRight";
				LD_RUNPATH_SEARCH_PATHS = (
					"$(inherited)",
					"@executable_path/Frameworks",
				);
				MARKETING_VERSION = 1.0;
				PRODUCT_BUNDLE_IDENTIFIER = "wil-HelloTravel.HelloTravel";
				PRODUCT_NAME = "$(TARGET_NAME)";
				SWIFT_EMIT_LOC_STRINGS = YES;
				SWIFT_VERSION = 5.0;
				TARGETED_DEVICE_FAMILY = "1,2";
			};
			name = Debug;
		};
		6E216F1F29C0180000BE1BB1 /* Release */ = {
			isa = XCBuildConfiguration;
			baseConfigurationReference = 9BCF00734D1A76B4375EB4EF /* Pods-HelloTravel.release.xcconfig */;
			buildSettings = {
				ASSETCATALOG_COMPILER_APPICON_NAME = AppIcon;
				ASSETCATALOG_COMPILER_GLOBAL_ACCENT_COLOR_NAME = AccentColor;
				CODE_SIGN_STYLE = Automatic;
				CURRENT_PROJECT_VERSION = 1;
				DEVELOPMENT_TEAM = X23B858772;
				GENERATE_INFOPLIST_FILE = YES;
				INFOPLIST_FILE = HelloTravel/Info.plist;
				INFOPLIST_KEY_UIApplicationSupportsIndirectInputEvents = YES;
				INFOPLIST_KEY_UILaunchStoryboardName = LaunchScreen;
				INFOPLIST_KEY_UIMainStoryboardFile = Main;
				INFOPLIST_KEY_UISupportedInterfaceOrientations_iPad = "UIInterfaceOrientationPortrait UIInterfaceOrientationPortraitUpsideDown UIInterfaceOrientationLandscapeLeft UIInterfaceOrientationLandscapeRight";
				INFOPLIST_KEY_UISupportedInterfaceOrientations_iPhone = "UIInterfaceOrientationPortrait UIInterfaceOrientationLandscapeLeft UIInterfaceOrientationLandscapeRight";
				LD_RUNPATH_SEARCH_PATHS = (
					"$(inherited)",
					"@executable_path/Frameworks",
				);
				MARKETING_VERSION = 1.0;
				PRODUCT_BUNDLE_IDENTIFIER = "wil-HelloTravel.HelloTravel";
				PRODUCT_NAME = "$(TARGET_NAME)";
				SWIFT_EMIT_LOC_STRINGS = YES;
				SWIFT_VERSION = 5.0;
				TARGETED_DEVICE_FAMILY = "1,2";
			};
			name = Release;
		};
		6E216F2129C0180000BE1BB1 /* Debug */ = {
			isa = XCBuildConfiguration;
			baseConfigurationReference = 1616DA02C14855527A54C15A /* Pods-HelloTravelTests.debug.xcconfig */;
			buildSettings = {
				ALWAYS_EMBED_SWIFT_STANDARD_LIBRARIES = YES;
				BUNDLE_LOADER = "$(TEST_HOST)";
				CODE_SIGN_STYLE = Automatic;
				CURRENT_PROJECT_VERSION = 1;
				DEVELOPMENT_TEAM = X23B858772;
				GENERATE_INFOPLIST_FILE = YES;
				IPHONEOS_DEPLOYMENT_TARGET = 16.2;
				MARKETING_VERSION = 1.0;
				PRODUCT_BUNDLE_IDENTIFIER = "wil-HelloTravel.HelloTravelTests";
				PRODUCT_NAME = "$(TARGET_NAME)";
				SWIFT_EMIT_LOC_STRINGS = NO;
				SWIFT_VERSION = 5.0;
				TARGETED_DEVICE_FAMILY = "1,2";
				TEST_HOST = "$(BUILT_PRODUCTS_DIR)/HelloTravel.app/$(BUNDLE_EXECUTABLE_FOLDER_PATH)/HelloTravel";
			};
			name = Debug;
		};
		6E216F2229C0180000BE1BB1 /* Release */ = {
			isa = XCBuildConfiguration;
			baseConfigurationReference = 6DD33825AD2BE8B3E603DF1F /* Pods-HelloTravelTests.release.xcconfig */;
			buildSettings = {
				ALWAYS_EMBED_SWIFT_STANDARD_LIBRARIES = YES;
				BUNDLE_LOADER = "$(TEST_HOST)";
				CODE_SIGN_STYLE = Automatic;
				CURRENT_PROJECT_VERSION = 1;
				DEVELOPMENT_TEAM = X23B858772;
				GENERATE_INFOPLIST_FILE = YES;
				IPHONEOS_DEPLOYMENT_TARGET = 16.2;
				MARKETING_VERSION = 1.0;
				PRODUCT_BUNDLE_IDENTIFIER = "wil-HelloTravel.HelloTravelTests";
				PRODUCT_NAME = "$(TARGET_NAME)";
				SWIFT_EMIT_LOC_STRINGS = NO;
				SWIFT_VERSION = 5.0;
				TARGETED_DEVICE_FAMILY = "1,2";
				TEST_HOST = "$(BUILT_PRODUCTS_DIR)/HelloTravel.app/$(BUNDLE_EXECUTABLE_FOLDER_PATH)/HelloTravel";
			};
			name = Release;
		};
/* End XCBuildConfiguration section */

/* Begin XCConfigurationList section */
		6E216EEE29C017FD00BE1BB1 /* Build configuration list for PBXProject "HelloTravel" */ = {
			isa = XCConfigurationList;
			buildConfigurations = (
				6E216F1B29C0180000BE1BB1 /* Debug */,
				6E216F1C29C0180000BE1BB1 /* Release */,
			);
			defaultConfigurationIsVisible = 0;
			defaultConfigurationName = Release;
		};
		6E216F1D29C0180000BE1BB1 /* Build configuration list for PBXNativeTarget "HelloTravel" */ = {
			isa = XCConfigurationList;
			buildConfigurations = (
				6E216F1E29C0180000BE1BB1 /* Debug */,
				6E216F1F29C0180000BE1BB1 /* Release */,
			);
			defaultConfigurationIsVisible = 0;
			defaultConfigurationName = Release;
		};
		6E216F2029C0180000BE1BB1 /* Build configuration list for PBXNativeTarget "HelloTravelTests" */ = {
			isa = XCConfigurationList;
			buildConfigurations = (
				6E216F2129C0180000BE1BB1 /* Debug */,
				6E216F2229C0180000BE1BB1 /* Release */,
			);
			defaultConfigurationIsVisible = 0;
			defaultConfigurationName = Release;
		};
/* End XCConfigurationList section */
	};
	rootObject = 6E216EEB29C017FD00BE1BB1 /* Project object */;
}
