// !$*UTF8*$!
{
	archiveVersion = 1;
	classes = {
	};
	objectVersion = 56;
	objects = {

/* Begin PBXBuildFile section */
		1DACDA55EFD19FDFC03F76E5 /* Pods_HelloTravel.framework in Frameworks */ = {isa = PBXBuildFile; fileRef = 599C18BAE141390F80B95B07 /* Pods_HelloTravel.framework */; };
		295026EFAEA1F1E46B3C2D0B /* Pods_HelloTravelTests.framework in Frameworks */ = {isa = PBXBuildFile; fileRef = D8C334B444D78BA5B13A0755 /* Pods_HelloTravelTests.framework */; };
		6E216EF729C017FD00BE1BB1 /* AppDelegate.swift in Sources */ = {isa = PBXBuildFile; fileRef = 6E216EF629C017FD00BE1BB1 /* AppDelegate.swift */; };
		6E216EF929C017FD00BE1BB1 /* SceneDelegate.swift in Sources */ = {isa = PBXBuildFile; fileRef = 6E216EF829C017FD00BE1BB1 /* SceneDelegate.swift */; };
		6E216EFB29C017FD00BE1BB1 /* SingVC.swift in Sources */ = {isa = PBXBuildFile; fileRef = 6E216EFA29C017FD00BE1BB1 /* SingVC.swift */; };
		6E216EFE29C017FD00BE1BB1 /* Main.storyboard in Resources */ = {isa = PBXBuildFile; fileRef = 6E216EFC29C017FD00BE1BB1 /* Main.storyboard */; };
		6E216F0029C0180000BE1BB1 /* Assets.xcassets in Resources */ = {isa = PBXBuildFile; fileRef = 6E216EFF29C0180000BE1BB1 /* Assets.xcassets */; };
		6E216F0329C0180000BE1BB1 /* LaunchScreen.storyboard in Resources */ = {isa = PBXBuildFile; fileRef = 6E216F0129C0180000BE1BB1 /* LaunchScreen.storyboard */; };
		6E216F0E29C0180000BE1BB1 /* HelloTravelTests.swift in Sources */ = {isa = PBXBuildFile; fileRef = 6E216F0D29C0180000BE1BB1 /* HelloTravelTests.swift */; };
		6E216F2A29C14C1E00BE1BB1 /* GoogleService-Info.plist in Resources */ = {isa = PBXBuildFile; fileRef = 6E216F2929C14C1E00BE1BB1 /* GoogleService-Info.plist */; };
		6E216F2D29C1692A00BE1BB1 /* FirebaseAuthenticationAdapter.swift in Sources */ = {isa = PBXBuildFile; fileRef = 6E216F2C29C1692900BE1BB1 /* FirebaseAuthenticationAdapter.swift */; };
		6E216F3529C16F7100BE1BB1 /* Logger.swift in Sources */ = {isa = PBXBuildFile; fileRef = 6E216F3429C16F7100BE1BB1 /* Logger.swift */; };
		6E216F3929C1704600BE1BB1 /* SingVM.swift in Sources */ = {isa = PBXBuildFile; fileRef = 6E216F3829C1704600BE1BB1 /* SingVM.swift */; };
		6E216F3C29C1A56200BE1BB1 /* RealtimeDatabaseAdapter.swift in Sources */ = {isa = PBXBuildFile; fileRef = 6E216F3B29C1A56200BE1BB1 /* RealtimeDatabaseAdapter.swift */; };
		6E216F3E29C1BB1200BE1BB1 /* AlamofireAdapter.swift in Sources */ = {isa = PBXBuildFile; fileRef = 6E216F3D29C1BB1200BE1BB1 /* AlamofireAdapter.swift */; };
		6E216F4129C1BCE900BE1BB1 /* SearchBusinessesUseCase.swift in Sources */ = {isa = PBXBuildFile; fileRef = 6E216F4029C1BCE900BE1BB1 /* SearchBusinessesUseCase.swift */; };
		6E216F4429C1BF0700BE1BB1 /* SearchBusinessesStruct.swift in Sources */ = {isa = PBXBuildFile; fileRef = 6E216F4329C1BF0700BE1BB1 /* SearchBusinessesStruct.swift */; };
		6E216F4A29C2C65C00BE1BB1 /* LocationManager.swift in Sources */ = {isa = PBXBuildFile; fileRef = 6E216F4929C2C65C00BE1BB1 /* LocationManager.swift */; };
		6E4DFA5A29C40215004C9177 /* NearbyLandmarkVC.swift in Sources */ = {isa = PBXBuildFile; fileRef = 6E4DFA5929C40215004C9177 /* NearbyLandmarkVC.swift */; };
		6E4DFA5C29C40258004C9177 /* NearbyLandmarkVM.swift in Sources */ = {isa = PBXBuildFile; fileRef = 6E4DFA5B29C40258004C9177 /* NearbyLandmarkVM.swift */; };
		6E4DFA5E29C44058004C9177 /* TravelCollectionViewCell.swift in Sources */ = {isa = PBXBuildFile; fileRef = 6E4DFA5D29C44058004C9177 /* TravelCollectionViewCell.swift */; };
		6E4DFA6029C950AB004C9177 /* SDWebImageAdapter.swift in Sources */ = {isa = PBXBuildFile; fileRef = 6E4DFA5F29C950AB004C9177 /* SDWebImageAdapter.swift */; };
		6E4DFA6329C95C02004C9177 /* SearchVC.swift in Sources */ = {isa = PBXBuildFile; fileRef = 6E4DFA6229C95C02004C9177 /* SearchVC.swift */; };
		6E4DFA6529C95EF2004C9177 /* SearchVM.swift in Sources */ = {isa = PBXBuildFile; fileRef = 6E4DFA6429C95EF2004C9177 /* SearchVM.swift */; };
		6E4DFA6729C979F8004C9177 /* SearchTopBar.swift in Sources */ = {isa = PBXBuildFile; fileRef = 6E4DFA6629C979F8004C9177 /* SearchTopBar.swift */; };
		6E4DFA6A29C9B585004C9177 /* CategoryType.swift in Sources */ = {isa = PBXBuildFile; fileRef = 6E4DFA6929C9B585004C9177 /* CategoryType.swift */; };
		6E4DFA7329CC474A004C9177 /* BusinessSheetVC.swift in Sources */ = {isa = PBXBuildFile; fileRef = 6E4DFA7229CC474A004C9177 /* BusinessSheetVC.swift */; };
		6E4DFA7529CC4EC5004C9177 /* SheetTableViewCell.swift in Sources */ = {isa = PBXBuildFile; fileRef = 6E4DFA7429CC4EC5004C9177 /* SheetTableViewCell.swift */; };
		6EA14F5F29D3DAA0006B845F /* DisplayBusinessStruct.swift in Sources */ = {isa = PBXBuildFile; fileRef = 6EA14F5E29D3DAA0006B845F /* DisplayBusinessStruct.swift */; };
		6EDBA84329D5810D0065C0F7 /* UserDefaultsManager.swift in Sources */ = {isa = PBXBuildFile; fileRef = 6EDBA84229D5810D0065C0F7 /* UserDefaultsManager.swift */; };
		6EF6340329D13573000ECED0 /* UserFavoritesVC.swift in Sources */ = {isa = PBXBuildFile; fileRef = 6EF6340229D13573000ECED0 /* UserFavoritesVC.swift */; };
		6EF6340829D135EA000ECED0 /* UserFavoritesVM.swift in Sources */ = {isa = PBXBuildFile; fileRef = 6EF6340729D135EA000ECED0 /* UserFavoritesVM.swift */; };
		6EF6340A29D13A03000ECED0 /* FavoriteTableViewCell.swift in Sources */ = {isa = PBXBuildFile; fileRef = 6EF6340929D13A03000ECED0 /* FavoriteTableViewCell.swift */; };
		6EF6340C29D146C7000ECED0 /* LikeListStruct.swift in Sources */ = {isa = PBXBuildFile; fileRef = 6EF6340B29D146C7000ECED0 /* LikeListStruct.swift */; };
		BE15496429C494B80032C4BE /* CategoryButton.swift in Sources */ = {isa = PBXBuildFile; fileRef = BE15496329C494B80032C4BE /* CategoryButton.swift */; };
/* End PBXBuildFile section */

/* Begin PBXContainerItemProxy section */
		6E216F0A29C0180000BE1BB1 /* PBXContainerItemProxy */ = {
			isa = PBXContainerItemProxy;
			containerPortal = 6E216EEB29C017FD00BE1BB1 /* Project object */;
			proxyType = 1;
			remoteGlobalIDString = 6E216EF229C017FD00BE1BB1;
			remoteInfo = HelloTravel;
		};
/* End PBXContainerItemProxy section */

/* Begin PBXFileReference section */
		1616DA02C14855527A54C15A /* Pods-HelloTravelTests.debug.xcconfig */ = {isa = PBXFileReference; includeInIndex = 1; lastKnownFileType = text.xcconfig; name = "Pods-HelloTravelTests.debug.xcconfig"; path = "Target Support Files/Pods-HelloTravelTests/Pods-HelloTravelTests.debug.xcconfig"; sourceTree = "<group>"; };
		599C18BAE141390F80B95B07 /* Pods_HelloTravel.framework */ = {isa = PBXFileReference; explicitFileType = wrapper.framework; includeInIndex = 0; path = Pods_HelloTravel.framework; sourceTree = BUILT_PRODUCTS_DIR; };
		6DD33825AD2BE8B3E603DF1F /* Pods-HelloTravelTests.release.xcconfig */ = {isa = PBXFileReference; includeInIndex = 1; lastKnownFileType = text.xcconfig; name = "Pods-HelloTravelTests.release.xcconfig"; path = "Target Support Files/Pods-HelloTravelTests/Pods-HelloTravelTests.release.xcconfig"; sourceTree = "<group>"; };
		6E216EF329C017FD00BE1BB1 /* HelloTravel.app */ = {isa = PBXFileReference; explicitFileType = wrapper.application; includeInIndex = 0; path = HelloTravel.app; sourceTree = BUILT_PRODUCTS_DIR; };
		6E216EF629C017FD00BE1BB1 /* AppDelegate.swift */ = {isa = PBXFileReference; lastKnownFileType = sourcecode.swift; path = AppDelegate.swift; sourceTree = "<group>"; };
		6E216EF829C017FD00BE1BB1 /* SceneDelegate.swift */ = {isa = PBXFileReference; lastKnownFileType = sourcecode.swift; path = SceneDelegate.swift; sourceTree = "<group>"; };
		6E216EFA29C017FD00BE1BB1 /* SingVC.swift */ = {isa = PBXFileReference; lastKnownFileType = sourcecode.swift; path = SingVC.swift; sourceTree = "<group>"; };
		6E216EFD29C017FD00BE1BB1 /* Base */ = {isa = PBXFileReference; lastKnownFileType = file.storyboard; name = Base; path = Base.lproj/Main.storyboard; sourceTree = "<group>"; };
		6E216EFF29C0180000BE1BB1 /* Assets.xcassets */ = {isa = PBXFileReference; lastKnownFileType = folder.assetcatalog; path = Assets.xcassets; sourceTree = "<group>"; };
		6E216F0229C0180000BE1BB1 /* Base */ = {isa = PBXFileReference; lastKnownFileType = file.storyboard; name = Base; path = Base.lproj/LaunchScreen.storyboard; sourceTree = "<group>"; };
		6E216F0429C0180000BE1BB1 /* Info.plist */ = {isa = PBXFileReference; lastKnownFileType = text.plist.xml; path = Info.plist; sourceTree = "<group>"; };
		6E216F0929C0180000BE1BB1 /* HelloTravelTests.xctest */ = {isa = PBXFileReference; explicitFileType = wrapper.cfbundle; includeInIndex = 0; path = HelloTravelTests.xctest; sourceTree = BUILT_PRODUCTS_DIR; };
		6E216F0D29C0180000BE1BB1 /* HelloTravelTests.swift */ = {isa = PBXFileReference; lastKnownFileType = sourcecode.swift; path = HelloTravelTests.swift; sourceTree = "<group>"; };
		6E216F2929C14C1E00BE1BB1 /* GoogleService-Info.plist */ = {isa = PBXFileReference; lastKnownFileType = text.plist; path = "GoogleService-Info.plist"; sourceTree = SOURCE_ROOT; };
		6E216F2C29C1692900BE1BB1 /* FirebaseAuthenticationAdapter.swift */ = {isa = PBXFileReference; lastKnownFileType = sourcecode.swift; path = FirebaseAuthenticationAdapter.swift; sourceTree = "<group>"; };
		6E216F3429C16F7100BE1BB1 /* Logger.swift */ = {isa = PBXFileReference; fileEncoding = 4; lastKnownFileType = sourcecode.swift; path = Logger.swift; sourceTree = "<group>"; };
		6E216F3829C1704600BE1BB1 /* SingVM.swift */ = {isa = PBXFileReference; lastKnownFileType = sourcecode.swift; path = SingVM.swift; sourceTree = "<group>"; };
		6E216F3B29C1A56200BE1BB1 /* RealtimeDatabaseAdapter.swift */ = {isa = PBXFileReference; lastKnownFileType = sourcecode.swift; path = RealtimeDatabaseAdapter.swift; sourceTree = "<group>"; };
		6E216F3D29C1BB1200BE1BB1 /* AlamofireAdapter.swift */ = {isa = PBXFileReference; lastKnownFileType = sourcecode.swift; path = AlamofireAdapter.swift; sourceTree = "<group>"; };
		6E216F4029C1BCE900BE1BB1 /* SearchBusinessesUseCase.swift */ = {isa = PBXFileReference; lastKnownFileType = sourcecode.swift; path = SearchBusinessesUseCase.swift; sourceTree = "<group>"; };
		6E216F4329C1BF0700BE1BB1 /* SearchBusinessesStruct.swift */ = {isa = PBXFileReference; lastKnownFileType = sourcecode.swift; path = SearchBusinessesStruct.swift; sourceTree = "<group>"; };
		6E216F4929C2C65C00BE1BB1 /* LocationManager.swift */ = {isa = PBXFileReference; lastKnownFileType = sourcecode.swift; path = LocationManager.swift; sourceTree = "<group>"; };
		6E4DFA5929C40215004C9177 /* NearbyLandmarkVC.swift */ = {isa = PBXFileReference; lastKnownFileType = sourcecode.swift; path = NearbyLandmarkVC.swift; sourceTree = "<group>"; };
		6E4DFA5B29C40258004C9177 /* NearbyLandmarkVM.swift */ = {isa = PBXFileReference; lastKnownFileType = sourcecode.swift; path = NearbyLandmarkVM.swift; sourceTree = "<group>"; };
		6E4DFA5D29C44058004C9177 /* TravelCollectionViewCell.swift */ = {isa = PBXFileReference; lastKnownFileType = sourcecode.swift; path = TravelCollectionViewCell.swift; sourceTree = "<group>"; };
		6E4DFA5F29C950AB004C9177 /* SDWebImageAdapter.swift */ = {isa = PBXFileReference; lastKnownFileType = sourcecode.swift; path = SDWebImageAdapter.swift; sourceTree = "<group>"; };
		6E4DFA6229C95C02004C9177 /* SearchVC.swift */ = {isa = PBXFileReference; lastKnownFileType = sourcecode.swift; path = SearchVC.swift; sourceTree = "<group>"; };
		6E4DFA6429C95EF2004C9177 /* SearchVM.swift */ = {isa = PBXFileReference; lastKnownFileType = sourcecode.swift; path = SearchVM.swift; sourceTree = "<group>"; };
		6E4DFA6629C979F8004C9177 /* SearchTopBar.swift */ = {isa = PBXFileReference; lastKnownFileType = sourcecode.swift; path = SearchTopBar.swift; sourceTree = "<group>"; };
		6E4DFA6929C9B585004C9177 /* CategoryType.swift */ = {isa = PBXFileReference; lastKnownFileType = sourcecode.swift; path = CategoryType.swift; sourceTree = "<group>"; };
		6E4DFA7229CC474A004C9177 /* BusinessSheetVC.swift */ = {isa = PBXFileReference; lastKnownFileType = sourcecode.swift; path = BusinessSheetVC.swift; sourceTree = "<group>"; };
		6E4DFA7429CC4EC5004C9177 /* SheetTableViewCell.swift */ = {isa = PBXFileReference; lastKnownFileType = sourcecode.swift; path = SheetTableViewCell.swift; sourceTree = "<group>"; };
		6EA14F5E29D3DAA0006B845F /* DisplayBusinessStruct.swift */ = {isa = PBXFileReference; lastKnownFileType = sourcecode.swift; path = DisplayBusinessStruct.swift; sourceTree = "<group>"; };
		6EDBA84229D5810D0065C0F7 /* UserDefaultsManager.swift */ = {isa = PBXFileReference; lastKnownFileType = sourcecode.swift; path = UserDefaultsManager.swift; sourceTree = "<group>"; };
		6EF6340229D13573000ECED0 /* UserFavoritesVC.swift */ = {isa = PBXFileReference; lastKnownFileType = sourcecode.swift; path = UserFavoritesVC.swift; sourceTree = "<group>"; };
		6EF6340729D135EA000ECED0 /* UserFavoritesVM.swift */ = {isa = PBXFileReference; lastKnownFileType = sourcecode.swift; path = UserFavoritesVM.swift; sourceTree = "<group>"; };
		6EF6340929D13A03000ECED0 /* FavoriteTableViewCell.swift */ = {isa = PBXFileReference; lastKnownFileType = sourcecode.swift; path = FavoriteTableViewCell.swift; sourceTree = "<group>"; };
		6EF6340B29D146C7000ECED0 /* LikeListStruct.swift */ = {isa = PBXFileReference; lastKnownFileType = sourcecode.swift; path = LikeListStruct.swift; sourceTree = "<group>"; };
		9BCF00734D1A76B4375EB4EF /* Pods-HelloTravel.release.xcconfig */ = {isa = PBXFileReference; includeInIndex = 1; lastKnownFileType = text.xcconfig; name = "Pods-HelloTravel.release.xcconfig"; path = "Target Support Files/Pods-HelloTravel/Pods-HelloTravel.release.xcconfig"; sourceTree = "<group>"; };
		BE15496329C494B80032C4BE /* CategoryButton.swift */ = {isa = PBXFileReference; lastKnownFileType = sourcecode.swift; path = CategoryButton.swift; sourceTree = "<group>"; };
		D8C334B444D78BA5B13A0755 /* Pods_HelloTravelTests.framework */ = {isa = PBXFileReference; explicitFileType = wrapper.framework; includeInIndex = 0; path = Pods_HelloTravelTests.framework; sourceTree = BUILT_PRODUCTS_DIR; };
		DA6DE97EDBC1D4160FA79B3D /* Pods-HelloTravel.debug.xcconfig */ = {isa = PBXFileReference; includeInIndex = 1; lastKnownFileType = text.xcconfig; name = "Pods-HelloTravel.debug.xcconfig"; path = "Target Support Files/Pods-HelloTravel/Pods-HelloTravel.debug.xcconfig"; sourceTree = "<group>"; };
/* End PBXFileReference section */

/* Begin PBXFrameworksBuildPhase section */
		6E216EF029C017FD00BE1BB1 /* Frameworks */ = {
			isa = PBXFrameworksBuildPhase;
			buildActionMask = 2147483647;
			files = (
				1DACDA55EFD19FDFC03F76E5 /* Pods_HelloTravel.framework in Frameworks */,
			);
			runOnlyForDeploymentPostprocessing = 0;
		};
		6E216F0629C0180000BE1BB1 /* Frameworks */ = {
			isa = PBXFrameworksBuildPhase;
			buildActionMask = 2147483647;
			files = (
				295026EFAEA1F1E46B3C2D0B /* Pods_HelloTravelTests.framework in Frameworks */,
			);
			runOnlyForDeploymentPostprocessing = 0;
		};
/* End PBXFrameworksBuildPhase section */

/* Begin PBXGroup section */
		1C07AD2A4CDF5F515F51C746 /* Pods */ = {
			isa = PBXGroup;
			children = (
				DA6DE97EDBC1D4160FA79B3D /* Pods-HelloTravel.debug.xcconfig */,
				9BCF00734D1A76B4375EB4EF /* Pods-HelloTravel.release.xcconfig */,
				1616DA02C14855527A54C15A /* Pods-HelloTravelTests.debug.xcconfig */,
				6DD33825AD2BE8B3E603DF1F /* Pods-HelloTravelTests.release.xcconfig */,
			);
			path = Pods;
			sourceTree = "<group>";
		};
		6E216EEA29C017FD00BE1BB1 = {
			isa = PBXGroup;
			children = (
				6E216EF529C017FD00BE1BB1 /* HelloTravel */,
				6E216F0C29C0180000BE1BB1 /* HelloTravelTests */,
				6E216EF429C017FD00BE1BB1 /* Products */,
				1C07AD2A4CDF5F515F51C746 /* Pods */,
				B0FCC204A5B80717E427734A /* Frameworks */,
			);
			sourceTree = "<group>";
		};
		6E216EF429C017FD00BE1BB1 /* Products */ = {
			isa = PBXGroup;
			children = (
				6E216EF329C017FD00BE1BB1 /* HelloTravel.app */,
				6E216F0929C0180000BE1BB1 /* HelloTravelTests.xctest */,
			);
			name = Products;
			sourceTree = "<group>";
		};
		6E216EF529C017FD00BE1BB1 /* HelloTravel */ = {
			isa = PBXGroup;
			children = (
				6E4DFA6829C9B53D004C9177 /* Enum */,
				BE15496229C494160032C4BE /* CustomizedUI */,
				6E216F4829C2C64400BE1BB1 /* Mannger */,
				6E216F4229C1BED700BE1BB1 /* DataStruct */,
				6E216F3F29C1BCBA00BE1BB1 /* SearchBusinessesUseCase */,
				6E216F3329C16F6300BE1BB1 /* Logger */,
				6E216F2B29C168EA00BE1BB1 /* Adapter */,
				6E216F3629C1700E00BE1BB1 /* ViewController */,
				6E216F2929C14C1E00BE1BB1 /* GoogleService-Info.plist */,
				6E216EF629C017FD00BE1BB1 /* AppDelegate.swift */,
				6E216EF829C017FD00BE1BB1 /* SceneDelegate.swift */,
				6E216EFC29C017FD00BE1BB1 /* Main.storyboard */,
				6E216EFF29C0180000BE1BB1 /* Assets.xcassets */,
				6E216F0129C0180000BE1BB1 /* LaunchScreen.storyboard */,
				6E216F0429C0180000BE1BB1 /* Info.plist */,
			);
			path = HelloTravel;
			sourceTree = "<group>";
		};
		6E216F0C29C0180000BE1BB1 /* HelloTravelTests */ = {
			isa = PBXGroup;
			children = (
				6E216F0D29C0180000BE1BB1 /* HelloTravelTests.swift */,
			);
			path = HelloTravelTests;
			sourceTree = "<group>";
		};
		6E216F2B29C168EA00BE1BB1 /* Adapter */ = {
			isa = PBXGroup;
			children = (
				6E216F2C29C1692900BE1BB1 /* FirebaseAuthenticationAdapter.swift */,
				6E216F3B29C1A56200BE1BB1 /* RealtimeDatabaseAdapter.swift */,
				6E216F3D29C1BB1200BE1BB1 /* AlamofireAdapter.swift */,
				6E4DFA5F29C950AB004C9177 /* SDWebImageAdapter.swift */,
			);
			path = Adapter;
			sourceTree = "<group>";
		};
		6E216F3329C16F6300BE1BB1 /* Logger */ = {
			isa = PBXGroup;
			children = (
				6E216F3429C16F7100BE1BB1 /* Logger.swift */,
			);
			path = Logger;
			sourceTree = "<group>";
		};
		6E216F3629C1700E00BE1BB1 /* ViewController */ = {
			isa = PBXGroup;
			children = (
				6EF6340129D134E7000ECED0 /* UserFavoritesVC */,
				6E4DFA7129CC473A004C9177 /* BusinessSheetVC */,
				6E4DFA6129C95BDD004C9177 /* SearchVC */,
				6E4DFA5829C401F5004C9177 /* NearbyLandmarkVC */,
				6E216F3729C1701A00BE1BB1 /* LoginVC */,
			);
			path = ViewController;
			sourceTree = "<group>";
		};
		6E216F3729C1701A00BE1BB1 /* LoginVC */ = {
			isa = PBXGroup;
			children = (
				6E216EFA29C017FD00BE1BB1 /* SingVC.swift */,
				6E216F3829C1704600BE1BB1 /* SingVM.swift */,
			);
			path = LoginVC;
			sourceTree = "<group>";
		};
		6E216F3F29C1BCBA00BE1BB1 /* SearchBusinessesUseCase */ = {
			isa = PBXGroup;
			children = (
				6E216F4029C1BCE900BE1BB1 /* SearchBusinessesUseCase.swift */,
			);
			path = SearchBusinessesUseCase;
			sourceTree = "<group>";
		};
		6E216F4229C1BED700BE1BB1 /* DataStruct */ = {
			isa = PBXGroup;
			children = (
				6E216F4329C1BF0700BE1BB1 /* SearchBusinessesStruct.swift */,
				6EA14F5E29D3DAA0006B845F /* DisplayBusinessStruct.swift */,
				6EF6340B29D146C7000ECED0 /* LikeListStruct.swift */,
			);
			path = DataStruct;
			sourceTree = "<group>";
		};
		6E216F4829C2C64400BE1BB1 /* Mannger */ = {
			isa = PBXGroup;
			children = (
				6E216F4929C2C65C00BE1BB1 /* LocationManager.swift */,
				6EDBA84229D5810D0065C0F7 /* UserDefaultsManager.swift */,
			);
			path = Mannger;
			sourceTree = "<group>";
		};
		6E4DFA5829C401F5004C9177 /* NearbyLandmarkVC */ = {
			isa = PBXGroup;
			children = (
				6E4DFA5929C40215004C9177 /* NearbyLandmarkVC.swift */,
				6E4DFA5D29C44058004C9177 /* TravelCollectionViewCell.swift */,
				6E4DFA5B29C40258004C9177 /* NearbyLandmarkVM.swift */,
			);
			path = NearbyLandmarkVC;
			sourceTree = "<group>";
		};
		6E4DFA6129C95BDD004C9177 /* SearchVC */ = {
			isa = PBXGroup;
			children = (
				6E4DFA6229C95C02004C9177 /* SearchVC.swift */,
				6E4DFA6629C979F8004C9177 /* SearchTopBar.swift */,
				6E4DFA6429C95EF2004C9177 /* SearchVM.swift */,
			);
			path = SearchVC;
			sourceTree = "<group>";
		};
		6E4DFA6829C9B53D004C9177 /* Enum */ = {
			isa = PBXGroup;
			children = (
				6E4DFA6929C9B585004C9177 /* CategoryType.swift */,
			);
			path = Enum;
			sourceTree = "<group>";
		};
		6E4DFA7129CC473A004C9177 /* BusinessSheetVC */ = {
			isa = PBXGroup;
			children = (
				6E4DFA7229CC474A004C9177 /* BusinessSheetVC.swift */,
				6E4DFA7429CC4EC5004C9177 /* SheetTableViewCell.swift */,
			);
			path = BusinessSheetVC;
			sourceTree = "<group>";
		};
		6EF6340129D134E7000ECED0 /* UserFavoritesVC */ = {
			isa = PBXGroup;
			children = (
				6EF6340229D13573000ECED0 /* UserFavoritesVC.swift */,
				6EF6340929D13A03000ECED0 /* FavoriteTableViewCell.swift */,
				6EF6340729D135EA000ECED0 /* UserFavoritesVM.swift */,
			);
			path = UserFavoritesVC;
			sourceTree = "<group>";
		};
		B0FCC204A5B80717E427734A /* Frameworks */ = {
			isa = PBXGroup;
			children = (
				599C18BAE141390F80B95B07 /* Pods_HelloTravel.framework */,
				D8C334B444D78BA5B13A0755 /* Pods_HelloTravelTests.framework */,
			);
			name = Frameworks;
			sourceTree = "<group>";
		};
		BE15496229C494160032C4BE /* CustomizedUI */ = {
			isa = PBXGroup;
			children = (
				BE15496329C494B80032C4BE /* CategoryButton.swift */,
			);
			path = CustomizedUI;
			sourceTree = "<group>";
		};
/* End PBXGroup section */

/* Begin PBXNativeTarget section */
		6E216EF229C017FD00BE1BB1 /* HelloTravel */ = {
			isa = PBXNativeTarget;
			buildConfigurationList = 6E216F1D29C0180000BE1BB1 /* Build configuration list for PBXNativeTarget "HelloTravel" */;
			buildPhases = (
				A9FB3799B452F19DA00E7487 /* [CP] Check Pods Manifest.lock */,
				6E216EEF29C017FD00BE1BB1 /* Sources */,
				6E216EF029C017FD00BE1BB1 /* Frameworks */,
				6E216EF129C017FD00BE1BB1 /* Resources */,
				B1F07C457C670709E865BC3B /* [CP] Embed Pods Frameworks */,
				1D6F09414E93749BDFEA14FA /* [CP] Copy Pods Resources */,
				6E216F2829C0650C00BE1BB1 /* Run Script */,
			);
			buildRules = (
			);
			dependencies = (
			);
			name = HelloTravel;
			productName = HelloTravel;
			productReference = 6E216EF329C017FD00BE1BB1 /* HelloTravel.app */;
			productType = "com.apple.product-type.application";
		};
		6E216F0829C0180000BE1BB1 /* HelloTravelTests */ = {
			isa = PBXNativeTarget;
			buildConfigurationList = 6E216F2029C0180000BE1BB1 /* Build configuration list for PBXNativeTarget "HelloTravelTests" */;
			buildPhases = (
				D28FEAE7D3F5C26232B92DA3 /* [CP] Check Pods Manifest.lock */,
				6E216F0529C0180000BE1BB1 /* Sources */,
				6E216F0629C0180000BE1BB1 /* Frameworks */,
				6E216F0729C0180000BE1BB1 /* Resources */,
			);
			buildRules = (
			);
			dependencies = (
				6E216F0B29C0180000BE1BB1 /* PBXTargetDependency */,
			);
			name = HelloTravelTests;
			productName = HelloTravelTests;
			productReference = 6E216F0929C0180000BE1BB1 /* HelloTravelTests.xctest */;
			productType = "com.apple.product-type.bundle.unit-test";
		};
/* End PBXNativeTarget section */

/* Begin PBXProject section */
		6E216EEB29C017FD00BE1BB1 /* Project object */ = {
			isa = PBXProject;
			attributes = {
				BuildIndependentTargetsInParallel = 1;
				LastSwiftUpdateCheck = 1420;
				LastUpgradeCheck = 1420;
				TargetAttributes = {
					6E216EF229C017FD00BE1BB1 = {
						CreatedOnToolsVersion = 14.2;
					};
					6E216F0829C0180000BE1BB1 = {
						CreatedOnToolsVersion = 14.2;
						TestTargetID = 6E216EF229C017FD00BE1BB1;
					};
				};
			};
			buildConfigurationList = 6E216EEE29C017FD00BE1BB1 /* Build configuration list for PBXProject "HelloTravel" */;
			compatibilityVersion = "Xcode 14.0";
			developmentRegion = en;
			hasScannedForEncodings = 0;
			knownRegions = (
				en,
				Base,
			);
			mainGroup = 6E216EEA29C017FD00BE1BB1;
			productRefGroup = 6E216EF429C017FD00BE1BB1 /* Products */;
			projectDirPath = "";
			projectRoot = "";
			targets = (
				6E216EF229C017FD00BE1BB1 /* HelloTravel */,
				6E216F0829C0180000BE1BB1 /* HelloTravelTests */,
			);
		};
/* End PBXProject section */

/* Begin PBXResourcesBuildPhase section */
		6E216EF129C017FD00BE1BB1 /* Resources */ = {
			isa = PBXResourcesBuildPhase;
			buildActionMask = 2147483647;
			files = (
				6E216F0329C0180000BE1BB1 /* LaunchScreen.storyboard in Resources */,
				6E216F2A29C14C1E00BE1BB1 /* GoogleService-Info.plist in Resources */,
				6E216F0029C0180000BE1BB1 /* Assets.xcassets in Resources */,
				6E216EFE29C017FD00BE1BB1 /* Main.storyboard in Resources */,
			);
			runOnlyForDeploymentPostprocessing = 0;
		};
		6E216F0729C0180000BE1BB1 /* Resources */ = {
			isa = PBXResourcesBuildPhase;
			buildActionMask = 2147483647;
			files = (
			);
			runOnlyForDeploymentPostprocessing = 0;
		};
/* End PBXResourcesBuildPhase section */

/* Begin PBXShellScriptBuildPhase section */
		1D6F09414E93749BDFEA14FA /* [CP] Copy Pods Resources */ = {
			isa = PBXShellScriptBuildPhase;
			buildActionMask = 2147483647;
			files = (
			);
			inputFileListPaths = (
				"${PODS_ROOT}/Target Support Files/Pods-HelloTravel/Pods-HelloTravel-resources-${CONFIGURATION}-input-files.xcfilelist",
			);
			name = "[CP] Copy Pods Resources";
			outputFileListPaths = (
				"${PODS_ROOT}/Target Support Files/Pods-HelloTravel/Pods-HelloTravel-resources-${CONFIGURATION}-output-files.xcfilelist",
			);
			runOnlyForDeploymentPostprocessing = 0;
			shellPath = /bin/sh;
			shellScript = "\"${PODS_ROOT}/Target Support Files/Pods-HelloTravel/Pods-HelloTravel-resources.sh\"\n";
			showEnvVarsInLog = 0;
		};
		6E216F2829C0650C00BE1BB1 /* Run Script */ = {
			isa = PBXShellScriptBuildPhase;
			alwaysOutOfDate = 1;
			buildActionMask = 8;
			files = (
			);
			inputFileListPaths = (
			);
			inputPaths = (
				"${DWARF_DSYM_FOLDER_PATH}/${DWARF_DSYM_FILE_NAME}/Contents/Resources/DWARF/${TARGET_NAME}",
				"$(SRCROOT)/$(BUILT_PRODUCTS_DIR)/$(INFOPLIST_PATH)",
			);
			name = "Run Script";
			outputFileListPaths = (
			);
			outputPaths = (
			);
			runOnlyForDeploymentPostprocessing = 1;
			shellPath = /bin/sh;
			shellScript = "# Type a script or drag a script file from your workspace to insert its path.\n\"${PODS_ROOT}/FirebaseCrashlytics/run\"\n";
		};
		A9FB3799B452F19DA00E7487 /* [CP] Check Pods Manifest.lock */ = {
			isa = PBXShellScriptBuildPhase;
			buildActionMask = 2147483647;
			files = (
			);
			inputFileListPaths = (
			);
			inputPaths = (
				"${PODS_PODFILE_DIR_PATH}/Podfile.lock",
				"${PODS_ROOT}/Manifest.lock",
			);
			name = "[CP] Check Pods Manifest.lock";
			outputFileListPaths = (
			);
			outputPaths = (
				"$(DERIVED_FILE_DIR)/Pods-HelloTravel-checkManifestLockResult.txt",
			);
			runOnlyForDeploymentPostprocessing = 0;
			shellPath = /bin/sh;
			shellScript = "diff \"${PODS_PODFILE_DIR_PATH}/Podfile.lock\" \"${PODS_ROOT}/Manifest.lock\" > /dev/null\nif [ $? != 0 ] ; then\n    # print error to STDERR\n    echo \"error: The sandbox is not in sync with the Podfile.lock. Run 'pod install' or update your CocoaPods installation.\" >&2\n    exit 1\nfi\n# This output is used by Xcode 'outputs' to avoid re-running this script phase.\necho \"SUCCESS\" > \"${SCRIPT_OUTPUT_FILE_0}\"\n";
			showEnvVarsInLog = 0;
		};
		B1F07C457C670709E865BC3B /* [CP] Embed Pods Frameworks */ = {
			isa = PBXShellScriptBuildPhase;
			buildActionMask = 2147483647;
			files = (
			);
			inputFileListPaths = (
				"${PODS_ROOT}/Target Support Files/Pods-HelloTravel/Pods-HelloTravel-frameworks-${CONFIGURATION}-input-files.xcfilelist",
			);
			name = "[CP] Embed Pods Frameworks";
			outputFileListPaths = (
				"${PODS_ROOT}/Target Support Files/Pods-HelloTravel/Pods-HelloTravel-frameworks-${CONFIGURATION}-output-files.xcfilelist",
			);
			runOnlyForDeploymentPostprocessing = 0;
			shellPath = /bin/sh;
			shellScript = "\"${PODS_ROOT}/Target Support Files/Pods-HelloTravel/Pods-HelloTravel-frameworks.sh\"\n";
			showEnvVarsInLog = 0;
		};
		D28FEAE7D3F5C26232B92DA3 /* [CP] Check Pods Manifest.lock */ = {
			isa = PBXShellScriptBuildPhase;
			buildActionMask = 2147483647;
			files = (
			);
			inputFileListPaths = (
			);
			inputPaths = (
				"${PODS_PODFILE_DIR_PATH}/Podfile.lock",
				"${PODS_ROOT}/Manifest.lock",
			);
			name = "[CP] Check Pods Manifest.lock";
			outputFileListPaths = (
			);
			outputPaths = (
				"$(DERIVED_FILE_DIR)/Pods-HelloTravelTests-checkManifestLockResult.txt",
			);
			runOnlyForDeploymentPostprocessing = 0;
			shellPath = /bin/sh;
			shellScript = "diff \"${PODS_PODFILE_DIR_PATH}/Podfile.lock\" \"${PODS_ROOT}/Manifest.lock\" > /dev/null\nif [ $? != 0 ] ; then\n    # print error to STDERR\n    echo \"error: The sandbox is not in sync with the Podfile.lock. Run 'pod install' or update your CocoaPods installation.\" >&2\n    exit 1\nfi\n# This output is used by Xcode 'outputs' to avoid re-running this script phase.\necho \"SUCCESS\" > \"${SCRIPT_OUTPUT_FILE_0}\"\n";
			showEnvVarsInLog = 0;
		};
/* End PBXShellScriptBuildPhase section */

/* Begin PBXSourcesBuildPhase section */
		6E216EEF29C017FD00BE1BB1 /* Sources */ = {
			isa = PBXSourcesBuildPhase;
			buildActionMask = 2147483647;
			files = (
				6E216F3529C16F7100BE1BB1 /* Logger.swift in Sources */,
				6E216F2D29C1692A00BE1BB1 /* FirebaseAuthenticationAdapter.swift in Sources */,
				6E216EFB29C017FD00BE1BB1 /* SingVC.swift in Sources */,
				6EF6340C29D146C7000ECED0 /* LikeListStruct.swift in Sources */,
				6E216EF729C017FD00BE1BB1 /* AppDelegate.swift in Sources */,
				6E216F3E29C1BB1200BE1BB1 /* AlamofireAdapter.swift in Sources */,
				6E4DFA5A29C40215004C9177 /* NearbyLandmarkVC.swift in Sources */,
				BE15496429C494B80032C4BE /* CategoryButton.swift in Sources */,
				6E4DFA7329CC474A004C9177 /* BusinessSheetVC.swift in Sources */,
				6E216F3C29C1A56200BE1BB1 /* RealtimeDatabaseAdapter.swift in Sources */,
				6EDBA84329D5810D0065C0F7 /* UserDefaultsManager.swift in Sources */,
				6E216F3929C1704600BE1BB1 /* SingVM.swift in Sources */,
				6E4DFA6A29C9B585004C9177 /* CategoryType.swift in Sources */,
				6E216F4129C1BCE900BE1BB1 /* SearchBusinessesUseCase.swift in Sources */,
				6E4DFA5E29C44058004C9177 /* TravelCollectionViewCell.swift in Sources */,
				6EA14F5F29D3DAA0006B845F /* DisplayBusinessStruct.swift in Sources */,
				6EF6340829D135EA000ECED0 /* UserFavoritesVM.swift in Sources */,
				6E4DFA6029C950AB004C9177 /* SDWebImageAdapter.swift in Sources */,
				6E4DFA6529C95EF2004C9177 /* SearchVM.swift in Sources */,
				6E216F4429C1BF0700BE1BB1 /* SearchBusinessesStruct.swift in Sources */,
				6E4DFA5C29C40258004C9177 /* NearbyLandmarkVM.swift in Sources */,
				6E216EF929C017FD00BE1BB1 /* SceneDelegate.swift in Sources */,
				6EF6340A29D13A03000ECED0 /* FavoriteTableViewCell.swift in Sources */,
				6EF6340329D13573000ECED0 /* UserFavoritesVC.swift in Sources */,
				6E4DFA6729C979F8004C9177 /* SearchTopBar.swift in Sources */,
				6E4DFA7529CC4EC5004C9177 /* SheetTableViewCell.swift in Sources */,
				6E4DFA6329C95C02004C9177 /* SearchVC.swift in Sources */,
				6E216F4A29C2C65C00BE1BB1 /* LocationManager.swift in Sources */,
			);
			runOnlyForDeploymentPostprocessing = 0;
		};
		6E216F0529C0180000BE1BB1 /* Sources */ = {
			isa = PBXSourcesBuildPhase;
			buildActionMask = 2147483647;
			files = (
				6E216F0E29C0180000BE1BB1 /* HelloTravelTests.swift in Sources */,
			);
			runOnlyForDeploymentPostprocessing = 0;
		};
/* End PBXSourcesBuildPhase section */

/* Begin PBXTargetDependency section */
		6E216F0B29C0180000BE1BB1 /* PBXTargetDependency */ = {
			isa = PBXTargetDependency;
			target = 6E216EF229C017FD00BE1BB1 /* HelloTravel */;
			targetProxy = 6E216F0A29C0180000BE1BB1 /* PBXContainerItemProxy */;
		};
/* End PBXTargetDependency section */

/* Begin PBXVariantGroup section */
		6E216EFC29C017FD00BE1BB1 /* Main.storyboard */ = {
			isa = PBXVariantGroup;
			children = (
				6E216EFD29C017FD00BE1BB1 /* Base */,
			);
			name = Main.storyboard;
			sourceTree = "<group>";
		};
		6E216F0129C0180000BE1BB1 /* LaunchScreen.storyboard */ = {
			isa = PBXVariantGroup;
			children = (
				6E216F0229C0180000BE1BB1 /* Base */,
			);
			name = LaunchScreen.storyboard;
			sourceTree = "<group>";
		};
/* End PBXVariantGroup section */

/* Begin XCBuildConfiguration section */
		6E216F1B29C0180000BE1BB1 /* Debug */ = {
			isa = XCBuildConfiguration;
			buildSettings = {
				ALWAYS_SEARCH_USER_PATHS = NO;
				CLANG_ANALYZER_NONNULL = YES;
				CLANG_ANALYZER_NUMBER_OBJECT_CONVERSION = YES_AGGRESSIVE;
				CLANG_CXX_LANGUAGE_STANDARD = "gnu++20";
				CLANG_ENABLE_MODULES = YES;
				CLANG_ENABLE_OBJC_ARC = YES;
				CLANG_ENABLE_OBJC_WEAK = YES;
				CLANG_WARN_BLOCK_CAPTURE_AUTORELEASING = YES;
				CLANG_WARN_BOOL_CONVERSION = YES;
				CLANG_WARN_COMMA = YES;
				CLANG_WARN_CONSTANT_CONVERSION = YES;
				CLANG_WARN_DEPRECATED_OBJC_IMPLEMENTATIONS = YES;
				CLANG_WARN_DIRECT_OBJC_ISA_USAGE = YES_ERROR;
				CLANG_WARN_DOCUMENTATION_COMMENTS = YES;
				CLANG_WARN_EMPTY_BODY = YES;
				CLANG_WARN_ENUM_CONVERSION = YES;
				CLANG_WARN_INFINITE_RECURSION = YES;
				CLANG_WARN_INT_CONVERSION = YES;
				CLANG_WARN_NON_LITERAL_NULL_CONVERSION = YES;
				CLANG_WARN_OBJC_IMPLICIT_RETAIN_SELF = YES;
				CLANG_WARN_OBJC_LITERAL_CONVERSION = YES;
				CLANG_WARN_OBJC_ROOT_CLASS = YES_ERROR;
				CLANG_WARN_QUOTED_INCLUDE_IN_FRAMEWORK_HEADER = YES;
				CLANG_WARN_RANGE_LOOP_ANALYSIS = YES;
				CLANG_WARN_STRICT_PROTOTYPES = YES;
				CLANG_WARN_SUSPICIOUS_MOVE = YES;
				CLANG_WARN_UNGUARDED_AVAILABILITY = YES_AGGRESSIVE;
				CLANG_WARN_UNREACHABLE_CODE = YES;
				CLANG_WARN__DUPLICATE_METHOD_MATCH = YES;
				COPY_PHASE_STRIP = NO;
				DEBUG_INFORMATION_FORMAT = dwarf;
				ENABLE_STRICT_OBJC_MSGSEND = YES;
				ENABLE_TESTABILITY = YES;
				GCC_C_LANGUAGE_STANDARD = gnu11;
				GCC_DYNAMIC_NO_PIC = NO;
				GCC_NO_COMMON_BLOCKS = YES;
				GCC_OPTIMIZATION_LEVEL = 0;
				GCC_PREPROCESSOR_DEFINITIONS = (
					"DEBUG=1",
					"$(inherited)",
				);
				GCC_WARN_64_TO_32_BIT_CONVERSION = YES;
				GCC_WARN_ABOUT_RETURN_TYPE = YES_ERROR;
				GCC_WARN_UNDECLARED_SELECTOR = YES;
				GCC_WARN_UNINITIALIZED_AUTOS = YES_AGGRESSIVE;
				GCC_WARN_UNUSED_FUNCTION = YES;
				GCC_WARN_UNUSED_VARIABLE = YES;
				IPHONEOS_DEPLOYMENT_TARGET = 16.0;
				MTL_ENABLE_DEBUG_INFO = INCLUDE_SOURCE;
				MTL_FAST_MATH = YES;
				ONLY_ACTIVE_ARCH = YES;
				SDKROOT = iphoneos;
				SWIFT_ACTIVE_COMPILATION_CONDITIONS = DEBUG;
				SWIFT_OPTIMIZATION_LEVEL = "-Onone";
			};
			name = Debug;
		};
		6E216F1C29C0180000BE1BB1 /* Release */ = {
			isa = XCBuildConfiguration;
			buildSettings = {
				ALWAYS_SEARCH_USER_PATHS = NO;
				CLANG_ANALYZER_NONNULL = YES;
				CLANG_ANALYZER_NUMBER_OBJECT_CONVERSION = YES_AGGRESSIVE;
				CLANG_CXX_LANGUAGE_STANDARD = "gnu++20";
				CLANG_ENABLE_MODULES = YES;
				CLANG_ENABLE_OBJC_ARC = YES;
				CLANG_ENABLE_OBJC_WEAK = YES;
				CLANG_WARN_BLOCK_CAPTURE_AUTORELEASING = YES;
				CLANG_WARN_BOOL_CONVERSION = YES;
				CLANG_WARN_COMMA = YES;
				CLANG_WARN_CONSTANT_CONVERSION = YES;
				CLANG_WARN_DEPRECATED_OBJC_IMPLEMENTATIONS = YES;
				CLANG_WARN_DIRECT_OBJC_ISA_USAGE = YES_ERROR;
				CLANG_WARN_DOCUMENTATION_COMMENTS = YES;
				CLANG_WARN_EMPTY_BODY = YES;
				CLANG_WARN_ENUM_CONVERSION = YES;
				CLANG_WARN_INFINITE_RECURSION = YES;
				CLANG_WARN_INT_CONVERSION = YES;
				CLANG_WARN_NON_LITERAL_NULL_CONVERSION = YES;
				CLANG_WARN_OBJC_IMPLICIT_RETAIN_SELF = YES;
				CLANG_WARN_OBJC_LITERAL_CONVERSION = YES;
				CLANG_WARN_OBJC_ROOT_CLASS = YES_ERROR;
				CLANG_WARN_QUOTED_INCLUDE_IN_FRAMEWORK_HEADER = YES;
				CLANG_WARN_RANGE_LOOP_ANALYSIS = YES;
				CLANG_WARN_STRICT_PROTOTYPES = YES;
				CLANG_WARN_SUSPICIOUS_MOVE = YES;
				CLANG_WARN_UNGUARDED_AVAILABILITY = YES_AGGRESSIVE;
				CLANG_WARN_UNREACHABLE_CODE = YES;
				CLANG_WARN__DUPLICATE_METHOD_MATCH = YES;
				COPY_PHASE_STRIP = NO;
				DEBUG_INFORMATION_FORMAT = "dwarf-with-dsym";
				ENABLE_NS_ASSERTIONS = NO;
				ENABLE_STRICT_OBJC_MSGSEND = YES;
				GCC_C_LANGUAGE_STANDARD = gnu11;
				GCC_NO_COMMON_BLOCKS = YES;
				GCC_WARN_64_TO_32_BIT_CONVERSION = YES;
				GCC_WARN_ABOUT_RETURN_TYPE = YES_ERROR;
				GCC_WARN_UNDECLARED_SELECTOR = YES;
				GCC_WARN_UNINITIALIZED_AUTOS = YES_AGGRESSIVE;
				GCC_WARN_UNUSED_FUNCTION = YES;
				GCC_WARN_UNUSED_VARIABLE = YES;
				IPHONEOS_DEPLOYMENT_TARGET = 16.0;
				MTL_ENABLE_DEBUG_INFO = NO;
				MTL_FAST_MATH = YES;
				SDKROOT = iphoneos;
				SWIFT_COMPILATION_MODE = wholemodule;
				SWIFT_OPTIMIZATION_LEVEL = "-O";
				VALIDATE_PRODUCT = YES;
			};
			name = Release;
		};
		6E216F1E29C0180000BE1BB1 /* Debug */ = {
			isa = XCBuildConfiguration;
			baseConfigurationReference = DA6DE97EDBC1D4160FA79B3D /* Pods-HelloTravel.debug.xcconfig */;
			buildSettings = {
				ASSETCATALOG_COMPILER_APPICON_NAME = AppIcon;
				ASSETCATALOG_COMPILER_GLOBAL_ACCENT_COLOR_NAME = AccentColor;
				CODE_SIGN_STYLE = Automatic;
				CURRENT_PROJECT_VERSION = 1;
				DEBUG_INFORMATION_FORMAT = dwarf;
				DEVELOPMENT_TEAM = KWKVL4YQWY;
				GENERATE_INFOPLIST_FILE = YES;
				INFOPLIST_FILE = HelloTravel/Info.plist;
				INFOPLIST_KEY_NSLocationAlwaysAndWhenInUseUsageDescription = "允許永久定位";
				INFOPLIST_KEY_NSLocationWhenInUseUsageDescription = "允許app使用期間定位";
				INFOPLIST_KEY_UIApplicationSupportsIndirectInputEvents = YES;
				INFOPLIST_KEY_UILaunchStoryboardName = LaunchScreen;
				INFOPLIST_KEY_UIMainStoryboardFile = Main;
				INFOPLIST_KEY_UISupportedInterfaceOrientations_iPad = "UIInterfaceOrientationPortrait UIInterfaceOrientationPortraitUpsideDown UIInterfaceOrientationLandscapeLeft UIInterfaceOrientationLandscapeRight";
				INFOPLIST_KEY_UISupportedInterfaceOrientations_iPhone = "UIInterfaceOrientationPortrait UIInterfaceOrientationLandscapeLeft UIInterfaceOrientationLandscapeRight";
				IPHONEOS_DEPLOYMENT_TARGET = 16.0;
				LD_RUNPATH_SEARCH_PATHS = (
					"$(inherited)",
					"@executable_path/Frameworks",
				);
				MARKETING_VERSION = 1.0;
				PRODUCT_BUNDLE_IDENTIFIER = "wil-HelloTravel.HelloTravel";
				PRODUCT_NAME = "$(TARGET_NAME)";
				SWIFT_EMIT_LOC_STRINGS = YES;
				SWIFT_VERSION = 5.0;
				TARGETED_DEVICE_FAMILY = "1,2";
			};
			name = Debug;
		};
		6E216F1F29C0180000BE1BB1 /* Release */ = {
			isa = XCBuildConfiguration;
			baseConfigurationReference = 9BCF00734D1A76B4375EB4EF /* Pods-HelloTravel.release.xcconfig */;
			buildSettings = {
				ASSETCATALOG_COMPILER_APPICON_NAME = AppIcon;
				ASSETCATALOG_COMPILER_GLOBAL_ACCENT_COLOR_NAME = AccentColor;
				CODE_SIGN_STYLE = Automatic;
				CURRENT_PROJECT_VERSION = 1;
				DEBUG_INFORMATION_FORMAT = dwarf;
				DEVELOPMENT_TEAM = KWKVL4YQWY;
				GENERATE_INFOPLIST_FILE = YES;
				INFOPLIST_FILE = HelloTravel/Info.plist;
				INFOPLIST_KEY_NSLocationAlwaysAndWhenInUseUsageDescription = "允許永久定位";
				INFOPLIST_KEY_NSLocationWhenInUseUsageDescription = "允許app使用期間定位";
				INFOPLIST_KEY_UIApplicationSupportsIndirectInputEvents = YES;
				INFOPLIST_KEY_UILaunchStoryboardName = LaunchScreen;
				INFOPLIST_KEY_UIMainStoryboardFile = Main;
				INFOPLIST_KEY_UISupportedInterfaceOrientations_iPad = "UIInterfaceOrientationPortrait UIInterfaceOrientationPortraitUpsideDown UIInterfaceOrientationLandscapeLeft UIInterfaceOrientationLandscapeRight";
				INFOPLIST_KEY_UISupportedInterfaceOrientations_iPhone = "UIInterfaceOrientationPortrait UIInterfaceOrientationLandscapeLeft UIInterfaceOrientationLandscapeRight";
				IPHONEOS_DEPLOYMENT_TARGET = 16.0;
				LD_RUNPATH_SEARCH_PATHS = (
					"$(inherited)",
					"@executable_path/Frameworks",
				);
				MARKETING_VERSION = 1.0;
				PRODUCT_BUNDLE_IDENTIFIER = "wil-HelloTravel.HelloTravel";
				PRODUCT_NAME = "$(TARGET_NAME)";
				SWIFT_EMIT_LOC_STRINGS = YES;
				SWIFT_VERSION = 5.0;
				TARGETED_DEVICE_FAMILY = "1,2";
			};
			name = Release;
		};
		6E216F2129C0180000BE1BB1 /* Debug */ = {
			isa = XCBuildConfiguration;
			baseConfigurationReference = 1616DA02C14855527A54C15A /* Pods-HelloTravelTests.debug.xcconfig */;
			buildSettings = {
				ALWAYS_EMBED_SWIFT_STANDARD_LIBRARIES = YES;
				BUNDLE_LOADER = "$(TEST_HOST)";
				CODE_SIGN_STYLE = Automatic;
				CURRENT_PROJECT_VERSION = 1;
				DEVELOPMENT_TEAM = X23B858772;
				GENERATE_INFOPLIST_FILE = YES;
				IPHONEOS_DEPLOYMENT_TARGET = 14.0;
				MARKETING_VERSION = 1.0;
				PRODUCT_BUNDLE_IDENTIFIER = "wil-HelloTravel.HelloTravelTests";
				PRODUCT_NAME = "$(TARGET_NAME)";
				SWIFT_EMIT_LOC_STRINGS = NO;
				SWIFT_VERSION = 5.0;
				TARGETED_DEVICE_FAMILY = "1,2";
				TEST_HOST = "$(BUILT_PRODUCTS_DIR)/HelloTravel.app/$(BUNDLE_EXECUTABLE_FOLDER_PATH)/HelloTravel";
			};
			name = Debug;
		};
		6E216F2229C0180000BE1BB1 /* Release */ = {
			isa = XCBuildConfiguration;
			baseConfigurationReference = 6DD33825AD2BE8B3E603DF1F /* Pods-HelloTravelTests.release.xcconfig */;
			buildSettings = {
				ALWAYS_EMBED_SWIFT_STANDARD_LIBRARIES = YES;
				BUNDLE_LOADER = "$(TEST_HOST)";
				CODE_SIGN_STYLE = Automatic;
				CURRENT_PROJECT_VERSION = 1;
				DEVELOPMENT_TEAM = X23B858772;
				GENERATE_INFOPLIST_FILE = YES;
				IPHONEOS_DEPLOYMENT_TARGET = 14.0;
				MARKETING_VERSION = 1.0;
				PRODUCT_BUNDLE_IDENTIFIER = "wil-HelloTravel.HelloTravelTests";
				PRODUCT_NAME = "$(TARGET_NAME)";
				SWIFT_EMIT_LOC_STRINGS = NO;
				SWIFT_VERSION = 5.0;
				TARGETED_DEVICE_FAMILY = "1,2";
				TEST_HOST = "$(BUILT_PRODUCTS_DIR)/HelloTravel.app/$(BUNDLE_EXECUTABLE_FOLDER_PATH)/HelloTravel";
			};
			name = Release;
		};
/* End XCBuildConfiguration section */

/* Begin XCConfigurationList section */
		6E216EEE29C017FD00BE1BB1 /* Build configuration list for PBXProject "HelloTravel" */ = {
			isa = XCConfigurationList;
			buildConfigurations = (
				6E216F1B29C0180000BE1BB1 /* Debug */,
				6E216F1C29C0180000BE1BB1 /* Release */,
			);
			defaultConfigurationIsVisible = 0;
			defaultConfigurationName = Release;
		};
		6E216F1D29C0180000BE1BB1 /* Build configuration list for PBXNativeTarget "HelloTravel" */ = {
			isa = XCConfigurationList;
			buildConfigurations = (
				6E216F1E29C0180000BE1BB1 /* Debug */,
				6E216F1F29C0180000BE1BB1 /* Release */,
			);
			defaultConfigurationIsVisible = 0;
			defaultConfigurationName = Release;
		};
		6E216F2029C0180000BE1BB1 /* Build configuration list for PBXNativeTarget "HelloTravelTests" */ = {
			isa = XCConfigurationList;
			buildConfigurations = (
				6E216F2129C0180000BE1BB1 /* Debug */,
				6E216F2229C0180000BE1BB1 /* Release */,
			);
			defaultConfigurationIsVisible = 0;
			defaultConfigurationName = Release;
		};
/* End XCConfigurationList section */
	};
	rootObject = 6E216EEB29C017FD00BE1BB1 /* Project object */;
}
